
Microsoft Visual Studio Solution File, Format Version 12.00
# Visual Studio Version 17
VisualStudioVersion = 17.3.32922.545
MinimumVisualStudioVersion = 10.0.40219.1
Project("{2150E333-8FDC-42A3-9474-1A3956D46DE8}") = "src", "src", "{F74F1F08-46B7-4E51-8EC8-34C4E67F4C4C}"
EndProject
Project("{2150E333-8FDC-42A3-9474-1A3956D46DE8}") = "ApplicationCore", "ApplicationCore", "{DA016C67-72F1-45FF-8A99-4707456C1DF6}"
EndProject
Project("{9A19103F-16F7-4668-BE54-9A1E7A4F7556}") = "ArquitecturaLimpia.Domain", "ArquitecturaLimpia.Domain\ArquitecturaLimpia.Domain.csproj", "{B843CEF0-6F11-4606-B84D-23BFF9F79090}"
EndProject
Project("{9A19103F-16F7-4668-BE54-9A1E7A4F7556}") = "ArquitecturaLimpia.Application", "ArquitecturaLimpia.Application\ArquitecturaLimpia.Application.csproj", "{94BCDF83-4545-4E80-B0B8-5DD365DE26FD}"
EndProject
Project("{2150E333-8FDC-42A3-9474-1A3956D46DE8}") = "Infrastructure", "Infrastructure", "{C99F16FB-B578-465A-BD05-B5F3243FA213}"
EndProject
Project("{9A19103F-16F7-4668-BE54-9A1E7A4F7556}") = "ArquitecturaLimpia.Infrastructure", "ArquitecturaLimpia.Infrastructure\ArquitecturaLimpia.Infrastructure.csproj", "{3880A80F-8183-4D14-897B-5FE16B95E6E2}"
EndProject
Project("{2150E333-8FDC-42A3-9474-1A3956D46DE8}") = "Presentacion", "Presentacion", "{7DB68D51-D727-4E1D-9D40-B164F94013F1}"
EndProject
Project("{9A19103F-16F7-4668-BE54-9A1E7A4F7556}") = "ArquitecturaLimpia.UI.Console", "ArquitecturaLimpia.UI.Console\ArquitecturaLimpia.UI.Console.csproj", "{4C9BB615-605A-48B0-92E2-EF5FCBF598FE}"
EndProject
Project("{2150E333-8FDC-42A3-9474-1A3956D46DE8}") = "WebApi", "WebApi", "{DC75D7BD-E027-4634-96F6-E33ECA371628}"
EndProject
Project("{FAE04EC0-301F-11D3-BF4B-00C04F79EFBC}") = "Api2", "Api2\Api2.csproj", "{1CA6CBDA-8731-4C6D-985B-F6196B8C8DF1}"
EndProject
Global
	GlobalSection(SolutionConfigurationPlatforms) = preSolution
		Debug|Any CPU = Debug|Any CPU
		Release|Any CPU = Release|Any CPU
	EndGlobalSection
	GlobalSection(ProjectConfigurationPlatforms) = postSolution
		{B843CEF0-6F11-4606-B84D-23BFF9F79090}.Debug|Any CPU.ActiveCfg = Debug|Any CPU
		{B843CEF0-6F11-4606-B84D-23BFF9F79090}.Debug|Any CPU.Build.0 = Debug|Any CPU
		{B843CEF0-6F11-4606-B84D-23BFF9F79090}.Release|Any CPU.ActiveCfg = Release|Any CPU
		{B843CEF0-6F11-4606-B84D-23BFF9F79090}.Release|Any CPU.Build.0 = Release|Any CPU
		{94BCDF83-4545-4E80-B0B8-5DD365DE26FD}.Debug|Any CPU.ActiveCfg = Debug|Any CPU
		{94BCDF83-4545-4E80-B0B8-5DD365DE26FD}.Debug|Any CPU.Build.0 = Debug|Any CPU
		{94BCDF83-4545-4E80-B0B8-5DD365DE26FD}.Release|Any CPU.ActiveCfg = Release|Any CPU
		{94BCDF83-4545-4E80-B0B8-5DD365DE26FD}.Release|Any CPU.Build.0 = Release|Any CPU
		{3880A80F-8183-4D14-897B-5FE16B95E6E2}.Debug|Any CPU.ActiveCfg = Debug|Any CPU
		{3880A80F-8183-4D14-897B-5FE16B95E6E2}.Debug|Any CPU.Build.0 = Debug|Any CPU
		{3880A80F-8183-4D14-897B-5FE16B95E6E2}.Release|Any CPU.ActiveCfg = Release|Any CPU
		{3880A80F-8183-4D14-897B-5FE16B95E6E2}.Release|Any CPU.Build.0 = Release|Any CPU
		{4C9BB615-605A-48B0-92E2-EF5FCBF598FE}.Debug|Any CPU.ActiveCfg = Debug|Any CPU
		{4C9BB615-605A-48B0-92E2-EF5FCBF598FE}.Debug|Any CPU.Build.0 = Debug|Any CPU
		{4C9BB615-605A-48B0-92E2-EF5FCBF598FE}.Release|Any CPU.ActiveCfg = Release|Any CPU
		{4C9BB615-605A-48B0-92E2-EF5FCBF598FE}.Release|Any CPU.Build.0 = Release|Any CPU
		{1CA6CBDA-8731-4C6D-985B-F6196B8C8DF1}.Debug|Any CPU.ActiveCfg = Debug|Any CPU
		{1CA6CBDA-8731-4C6D-985B-F6196B8C8DF1}.Debug|Any CPU.Build.0 = Debug|Any CPU
		{1CA6CBDA-8731-4C6D-985B-F6196B8C8DF1}.Release|Any CPU.ActiveCfg = Release|Any CPU
		{1CA6CBDA-8731-4C6D-985B-F6196B8C8DF1}.Release|Any CPU.Build.0 = Release|Any CPU
	EndGlobalSection
	GlobalSection(SolutionProperties) = preSolution
		HideSolutionNode = FALSE
	EndGlobalSection
	GlobalSection(NestedProjects) = preSolution
		{DA016C67-72F1-45FF-8A99-4707456C1DF6} = {F74F1F08-46B7-4E51-8EC8-34C4E67F4C4C}
		{B843CEF0-6F11-4606-B84D-23BFF9F79090} = {DA016C67-72F1-45FF-8A99-4707456C1DF6}
		{94BCDF83-4545-4E80-B0B8-5DD365DE26FD} = {DA016C67-72F1-45FF-8A99-4707456C1DF6}
		{C99F16FB-B578-465A-BD05-B5F3243FA213} = {F74F1F08-46B7-4E51-8EC8-34C4E67F4C4C}
		{3880A80F-8183-4D14-897B-5FE16B95E6E2} = {C99F16FB-B578-465A-BD05-B5F3243FA213}
		{7DB68D51-D727-4E1D-9D40-B164F94013F1} = {F74F1F08-46B7-4E51-8EC8-34C4E67F4C4C}
		{4C9BB615-605A-48B0-92E2-EF5FCBF598FE} = {7DB68D51-D727-4E1D-9D40-B164F94013F1}
		{1CA6CBDA-8731-4C6D-985B-F6196B8C8DF1} = {DC75D7BD-E027-4634-96F6-E33ECA371628}
	EndGlobalSection
	GlobalSection(ExtensibilityGlobals) = postSolution
		SolutionGuid = {3E34E594-3918-4528-B70C-A9A48B38DBB9}
	EndGlobalSection
EndGlobal
